// !$*UTF8*$!
{
	archiveVersion = 1;
	classes = {
	};
	objectVersion = 77;
	objects = {

/* Begin PBXBuildFile section */
		C7F9462C2E30A36F006EBB0B /* SDWebImage in Frameworks */ = {isa = PBXBuildFile; productRef = C7F9462B2E30A36F006EBB0B /* SDWebImage */; };
		C7F9462E2E30A375006EBB0B /* SDWebImageSVGCoder in Frameworks */ = {isa = PBXBuildFile; productRef = C7F9462D2E30A375006EBB0B /* SDWebImageSVGCoder */; };
		C7F946312E30A426006EBB0B /* SDWebImageSwiftUI in Frameworks */ = {isa = PBXBuildFile; productRef = C7F946302E30A426006EBB0B /* SDWebImageSwiftUI */; };
/* End PBXBuildFile section */

/* Begin PBXContainerItemProxy section */
		C7D801012E1E0F4200909B29 /* PBXContainerItemProxy */ = {
			isa = PBXContainerItemProxy;
			containerPortal = C7D800E82E1E0F3F00909B29 /* Project object */;
			proxyType = 1;
			remoteGlobalIDString = C7D800EF2E1E0F3F00909B29;
			remoteInfo = Hyperdrive;
		};
		C7D8010B2E1E0F4200909B29 /* PBXContainerItemProxy */ = {
			isa = PBXContainerItemProxy;
			containerPortal = C7D800E82E1E0F3F00909B29 /* Project object */;
			proxyType = 1;
			remoteGlobalIDString = C7D800EF2E1E0F3F00909B29;
			remoteInfo = Hyperdrive;
		};
/* End PBXContainerItemProxy section */

/* Begin PBXFileReference section */
		C7D800F02E1E0F4000909B29 /* Hyperdrive.app */ = {isa = PBXFileReference; explicitFileType = wrapper.application; includeInIndex = 0; path = Hyperdrive.app; sourceTree = BUILT_PRODUCTS_DIR; };
		C7D801002E1E0F4200909B29 /* HyperdriveTests.xctest */ = {isa = PBXFileReference; explicitFileType = wrapper.cfbundle; includeInIndex = 0; path = HyperdriveTests.xctest; sourceTree = BUILT_PRODUCTS_DIR; };
		C7D8010A2E1E0F4200909B29 /* HyperdriveUITests.xctest */ = {isa = PBXFileReference; explicitFileType = wrapper.cfbundle; includeInIndex = 0; path = HyperdriveUITests.xctest; sourceTree = BUILT_PRODUCTS_DIR; };
/* End PBXFileReference section */

/* Begin PBXFileSystemSynchronizedRootGroup section */
		C7D800F22E1E0F4000909B29 /* Hyperdrive */ = {
			isa = PBXFileSystemSynchronizedRootGroup;
			path = Hyperdrive;
			sourceTree = "<group>";
		};
		C7D801032E1E0F4200909B29 /* HyperdriveTests */ = {
			isa = PBXFileSystemSynchronizedRootGroup;
			path = HyperdriveTests;
			sourceTree = "<group>";
		};
		C7D8010D2E1E0F4200909B29 /* HyperdriveUITests */ = {
			isa = PBXFileSystemSynchronizedRootGroup;
			path = HyperdriveUITests;
			sourceTree = "<group>";
		};
/* End PBXFileSystemSynchronizedRootGroup section */

/* Begin PBXFrameworksBuildPhase section */
		C7D800ED2E1E0F3F00909B29 /* Frameworks */ = {
			isa = PBXFrameworksBuildPhase;
			buildActionMask = 2147483647;
			files = (
				C7F946312E30A426006EBB0B /* SDWebImageSwiftUI in Frameworks */,
				C7F9462C2E30A36F006EBB0B /* SDWebImage in Frameworks */,
				C7F9462E2E30A375006EBB0B /* SDWebImageSVGCoder in Frameworks */,
			);
			runOnlyForDeploymentPostprocessing = 0;
		};
		C7D800FD2E1E0F4200909B29 /* Frameworks */ = {
			isa = PBXFrameworksBuildPhase;
			buildActionMask = 2147483647;
			files = (
			);
			runOnlyForDeploymentPostprocessing = 0;
		};
		C7D801072E1E0F4200909B29 /* Frameworks */ = {
			isa = PBXFrameworksBuildPhase;
			buildActionMask = 2147483647;
			files = (
			);
			runOnlyForDeploymentPostprocessing = 0;
		};
/* End PBXFrameworksBuildPhase section */

/* Begin PBXGroup section */
		C7D800E72E1E0F3F00909B29 = {
			isa = PBXGroup;
			children = (
				C7D800F22E1E0F4000909B29 /* Hyperdrive */,
				C7D801032E1E0F4200909B29 /* HyperdriveTests */,
				C7D8010D2E1E0F4200909B29 /* HyperdriveUITests */,
				C7F946262E30A040006EBB0B /* Frameworks */,
				C7D800F12E1E0F4000909B29 /* Products */,
			);
			sourceTree = "<group>";
		};
		C7D800F12E1E0F4000909B29 /* Products */ = {
			isa = PBXGroup;
			children = (
				C7D800F02E1E0F4000909B29 /* Hyperdrive.app */,
				C7D801002E1E0F4200909B29 /* HyperdriveTests.xctest */,
				C7D8010A2E1E0F4200909B29 /* HyperdriveUITests.xctest */,
			);
			name = Products;
			sourceTree = "<group>";
		};
		C7F946262E30A040006EBB0B /* Frameworks */ = {
			isa = PBXGroup;
			children = (
			);
			name = Frameworks;
			sourceTree = "<group>";
		};
/* End PBXGroup section */

/* Begin PBXNativeTarget section */
		C7D800EF2E1E0F3F00909B29 /* Hyperdrive */ = {
			isa = PBXNativeTarget;
			buildConfigurationList = C7D801142E1E0F4200909B29 /* Build configuration list for PBXNativeTarget "Hyperdrive" */;
			buildPhases = (
				C7D800EC2E1E0F3F00909B29 /* Sources */,
				C7D800ED2E1E0F3F00909B29 /* Frameworks */,
				C7D800EE2E1E0F3F00909B29 /* Resources */,
			);
			buildRules = (
			);
			dependencies = (
			);
			fileSystemSynchronizedGroups = (
				C7D800F22E1E0F4000909B29 /* Hyperdrive */,
			);
			name = Hyperdrive;
			packageProductDependencies = (
				C7F9462B2E30A36F006EBB0B /* SDWebImage */,
				C7F9462D2E30A375006EBB0B /* SDWebImageSVGCoder */,
				C7F946302E30A426006EBB0B /* SDWebImageSwiftUI */,
			);
			productName = Hyperdrive;
			productReference = C7D800F02E1E0F4000909B29 /* Hyperdrive.app */;
			productType = "com.apple.product-type.application";
		};
		C7D800FF2E1E0F4200909B29 /* HyperdriveTests */ = {
			isa = PBXNativeTarget;
			buildConfigurationList = C7D801172E1E0F4200909B29 /* Build configuration list for PBXNativeTarget "HyperdriveTests" */;
			buildPhases = (
				C7D800FC2E1E0F4200909B29 /* Sources */,
				C7D800FD2E1E0F4200909B29 /* Frameworks */,
				C7D800FE2E1E0F4200909B29 /* Resources */,
			);
			buildRules = (
			);
			dependencies = (
				C7D801022E1E0F4200909B29 /* PBXTargetDependency */,
			);
			fileSystemSynchronizedGroups = (
				C7D801032E1E0F4200909B29 /* HyperdriveTests */,
			);
			name = HyperdriveTests;
			packageProductDependencies = (
			);
			productName = HyperdriveTests;
			productReference = C7D801002E1E0F4200909B29 /* HyperdriveTests.xctest */;
			productType = "com.apple.product-type.bundle.unit-test";
		};
		C7D801092E1E0F4200909B29 /* HyperdriveUITests */ = {
			isa = PBXNativeTarget;
			buildConfigurationList = C7D8011A2E1E0F4200909B29 /* Build configuration list for PBXNativeTarget "HyperdriveUITests" */;
			buildPhases = (
				C7D801062E1E0F4200909B29 /* Sources */,
				C7D801072E1E0F4200909B29 /* Frameworks */,
				C7D801082E1E0F4200909B29 /* Resources */,
			);
			buildRules = (
			);
			dependencies = (
				C7D8010C2E1E0F4200909B29 /* PBXTargetDependency */,
			);
			fileSystemSynchronizedGroups = (
				C7D8010D2E1E0F4200909B29 /* HyperdriveUITests */,
			);
			name = HyperdriveUITests;
			packageProductDependencies = (
			);
			productName = HyperdriveUITests;
			productReference = C7D8010A2E1E0F4200909B29 /* HyperdriveUITests.xctest */;
			productType = "com.apple.product-type.bundle.ui-testing";
		};
/* End PBXNativeTarget section */

/* Begin PBXProject section */
		C7D800E82E1E0F3F00909B29 /* Project object */ = {
			isa = PBXProject;
			attributes = {
				BuildIndependentTargetsInParallel = 1;
				LastSwiftUpdateCheck = 1620;
				LastUpgradeCheck = 1620;
				TargetAttributes = {
					C7D800EF2E1E0F3F00909B29 = {
						CreatedOnToolsVersion = 16.2;
					};
					C7D800FF2E1E0F4200909B29 = {
						CreatedOnToolsVersion = 16.2;
						TestTargetID = C7D800EF2E1E0F3F00909B29;
					};
					C7D801092E1E0F4200909B29 = {
						CreatedOnToolsVersion = 16.2;
						TestTargetID = C7D800EF2E1E0F3F00909B29;
					};
				};
			};
			buildConfigurationList = C7D800EB2E1E0F3F00909B29 /* Build configuration list for PBXProject "Hyperdrive" */;
			developmentRegion = en;
			hasScannedForEncodings = 0;
			knownRegions = (
				en,
				Base,
			);
			mainGroup = C7D800E72E1E0F3F00909B29;
			minimizedProjectReferenceProxies = 1;
			packageReferences = (
				C7F946292E30A2D5006EBB0B /* XCRemoteSwiftPackageReference "SDWebImage" */,
				C7F9462A2E30A2F1006EBB0B /* XCRemoteSwiftPackageReference "SDWebImageSVGCoder" */,
				C7F9462F2E30A40E006EBB0B /* XCRemoteSwiftPackageReference "SDWebImageSwiftUI" */,
			);
			preferredProjectObjectVersion = 77;
			productRefGroup = C7D800F12E1E0F4000909B29 /* Products */;
			projectDirPath = "";
			projectRoot = "";
			targets = (
				C7D800EF2E1E0F3F00909B29 /* Hyperdrive */,
				C7D800FF2E1E0F4200909B29 /* HyperdriveTests */,
				C7D801092E1E0F4200909B29 /* HyperdriveUITests */,
			);
		};
/* End PBXProject section */

/* Begin PBXResourcesBuildPhase section */
		C7D800EE2E1E0F3F00909B29 /* Resources */ = {
			isa = PBXResourcesBuildPhase;
			buildActionMask = 2147483647;
			files = (
			);
			runOnlyForDeploymentPostprocessing = 0;
		};
		C7D800FE2E1E0F4200909B29 /* Resources */ = {
			isa = PBXResourcesBuildPhase;
			buildActionMask = 2147483647;
			files = (
			);
			runOnlyForDeploymentPostprocessing = 0;
		};
		C7D801082E1E0F4200909B29 /* Resources */ = {
			isa = PBXResourcesBuildPhase;
			buildActionMask = 2147483647;
			files = (
			);
			runOnlyForDeploymentPostprocessing = 0;
		};
/* End PBXResourcesBuildPhase section */

/* Begin PBXSourcesBuildPhase section */
		C7D800EC2E1E0F3F00909B29 /* Sources */ = {
			isa = PBXSourcesBuildPhase;
			buildActionMask = 2147483647;
			files = (
			);
			runOnlyForDeploymentPostprocessing = 0;
		};
		C7D800FC2E1E0F4200909B29 /* Sources */ = {
			isa = PBXSourcesBuildPhase;
			buildActionMask = 2147483647;
			files = (
			);
			runOnlyForDeploymentPostprocessing = 0;
		};
		C7D801062E1E0F4200909B29 /* Sources */ = {
			isa = PBXSourcesBuildPhase;
			buildActionMask = 2147483647;
			files = (
			);
			runOnlyForDeploymentPostprocessing = 0;
		};
/* End PBXSourcesBuildPhase section */

/* Begin PBXTargetDependency section */
		C7D801022E1E0F4200909B29 /* PBXTargetDependency */ = {
			isa = PBXTargetDependency;
			target = C7D800EF2E1E0F3F00909B29 /* Hyperdrive */;
			targetProxy = C7D801012E1E0F4200909B29 /* PBXContainerItemProxy */;
		};
		C7D8010C2E1E0F4200909B29 /* PBXTargetDependency */ = {
			isa = PBXTargetDependency;
			target = C7D800EF2E1E0F3F00909B29 /* Hyperdrive */;
			targetProxy = C7D8010B2E1E0F4200909B29 /* PBXContainerItemProxy */;
		};
/* End PBXTargetDependency section */

/* Begin XCBuildConfiguration section */
		C7D801122E1E0F4200909B29 /* Debug */ = {
			isa = XCBuildConfiguration;
			buildSettings = {
				ALWAYS_SEARCH_USER_PATHS = NO;
				ASSETCATALOG_COMPILER_GENERATE_SWIFT_ASSET_SYMBOL_EXTENSIONS = YES;
				CLANG_ANALYZER_NONNULL = YES;
				CLANG_ANALYZER_NUMBER_OBJECT_CONVERSION = YES_AGGRESSIVE;
				CLANG_CXX_LANGUAGE_STANDARD = "gnu++20";
				CLANG_ENABLE_MODULES = YES;
				CLANG_ENABLE_OBJC_ARC = YES;
				CLANG_ENABLE_OBJC_WEAK = YES;
				CLANG_WARN_BLOCK_CAPTURE_AUTORELEASING = YES;
				CLANG_WARN_BOOL_CONVERSION = YES;
				CLANG_WARN_COMMA = YES;
				CLANG_WARN_CONSTANT_CONVERSION = YES;
				CLANG_WARN_DEPRECATED_OBJC_IMPLEMENTATIONS = YES;
				CLANG_WARN_DIRECT_OBJC_ISA_USAGE = YES_ERROR;
				CLANG_WARN_DOCUMENTATION_COMMENTS = YES;
				CLANG_WARN_EMPTY_BODY = YES;
				CLANG_WARN_ENUM_CONVERSION = YES;
				CLANG_WARN_INFINITE_RECURSION = YES;
				CLANG_WARN_INT_CONVERSION = YES;
				CLANG_WARN_NON_LITERAL_NULL_CONVERSION = YES;
				CLANG_WARN_OBJC_IMPLICIT_RETAIN_SELF = YES;
				CLANG_WARN_OBJC_LITERAL_CONVERSION = YES;
				CLANG_WARN_OBJC_ROOT_CLASS = YES_ERROR;
				CLANG_WARN_QUOTED_INCLUDE_IN_FRAMEWORK_HEADER = YES;
				CLANG_WARN_RANGE_LOOP_ANALYSIS = YES;
				CLANG_WARN_STRICT_PROTOTYPES = YES;
				CLANG_WARN_SUSPICIOUS_MOVE = YES;
				CLANG_WARN_UNGUARDED_AVAILABILITY = YES_AGGRESSIVE;
				CLANG_WARN_UNREACHABLE_CODE = YES;
				CLANG_WARN__DUPLICATE_METHOD_MATCH = YES;
				COPY_PHASE_STRIP = NO;
				DEBUG_INFORMATION_FORMAT = dwarf;
				ENABLE_STRICT_OBJC_MSGSEND = YES;
				ENABLE_TESTABILITY = YES;
				ENABLE_USER_SCRIPT_SANDBOXING = YES;
				GCC_C_LANGUAGE_STANDARD = gnu17;
				GCC_DYNAMIC_NO_PIC = NO;
				GCC_NO_COMMON_BLOCKS = YES;
				GCC_OPTIMIZATION_LEVEL = 0;
				GCC_PREPROCESSOR_DEFINITIONS = (
					"DEBUG=1",
					"$(inherited)",
				);
				GCC_WARN_64_TO_32_BIT_CONVERSION = YES;
				GCC_WARN_ABOUT_RETURN_TYPE = YES_ERROR;
				GCC_WARN_UNDECLARED_SELECTOR = YES;
				GCC_WARN_UNINITIALIZED_AUTOS = YES_AGGRESSIVE;
				GCC_WARN_UNUSED_FUNCTION = YES;
				GCC_WARN_UNUSED_VARIABLE = YES;
				IPHONEOS_DEPLOYMENT_TARGET = 18.2;
				LOCALIZATION_PREFERS_STRING_CATALOGS = YES;
				MTL_ENABLE_DEBUG_INFO = INCLUDE_SOURCE;
				MTL_FAST_MATH = YES;
				ONLY_ACTIVE_ARCH = YES;
				SDKROOT = iphoneos;
				SWIFT_ACTIVE_COMPILATION_CONDITIONS = "DEBUG $(inherited)";
				SWIFT_OPTIMIZATION_LEVEL = "-Onone";
			};
			name = Debug;
		};
		C7D801132E1E0F4200909B29 /* Release */ = {
			isa = XCBuildConfiguration;
			buildSettings = {
				ALWAYS_SEARCH_USER_PATHS = NO;
				ASSETCATALOG_COMPILER_GENERATE_SWIFT_ASSET_SYMBOL_EXTENSIONS = YES;
				CLANG_ANALYZER_NONNULL = YES;
				CLANG_ANALYZER_NUMBER_OBJECT_CONVERSION = YES_AGGRESSIVE;
				CLANG_CXX_LANGUAGE_STANDARD = "gnu++20";
				CLANG_ENABLE_MODULES = YES;
				CLANG_ENABLE_OBJC_ARC = YES;
				CLANG_ENABLE_OBJC_WEAK = YES;
				CLANG_WARN_BLOCK_CAPTURE_AUTORELEASING = YES;
				CLANG_WARN_BOOL_CONVERSION = YES;
				CLANG_WARN_COMMA = YES;
				CLANG_WARN_CONSTANT_CONVERSION = YES;
				CLANG_WARN_DEPRECATED_OBJC_IMPLEMENTATIONS = YES;
				CLANG_WARN_DIRECT_OBJC_ISA_USAGE = YES_ERROR;
				CLANG_WARN_DOCUMENTATION_COMMENTS = YES;
				CLANG_WARN_EMPTY_BODY = YES;
				CLANG_WARN_ENUM_CONVERSION = YES;
				CLANG_WARN_INFINITE_RECURSION = YES;
				CLANG_WARN_INT_CONVERSION = YES;
				CLANG_WARN_NON_LITERAL_NULL_CONVERSION = YES;
				CLANG_WARN_OBJC_IMPLICIT_RETAIN_SELF = YES;
				CLANG_WARN_OBJC_LITERAL_CONVERSION = YES;
				CLANG_WARN_OBJC_ROOT_CLASS = YES_ERROR;
				CLANG_WARN_QUOTED_INCLUDE_IN_FRAMEWORK_HEADER = YES;
				CLANG_WARN_RANGE_LOOP_ANALYSIS = YES;
				CLANG_WARN_STRICT_PROTOTYPES = YES;
				CLANG_WARN_SUSPICIOUS_MOVE = YES;
				CLANG_WARN_UNGUARDED_AVAILABILITY = YES_AGGRESSIVE;
				CLANG_WARN_UNREACHABLE_CODE = YES;
				CLANG_WARN__DUPLICATE_METHOD_MATCH = YES;
				COPY_PHASE_STRIP = NO;
				DEBUG_INFORMATION_FORMAT = "dwarf-with-dsym";
				ENABLE_NS_ASSERTIONS = NO;
				ENABLE_STRICT_OBJC_MSGSEND = YES;
				ENABLE_USER_SCRIPT_SANDBOXING = YES;
				GCC_C_LANGUAGE_STANDARD = gnu17;
				GCC_NO_COMMON_BLOCKS = YES;
				GCC_WARN_64_TO_32_BIT_CONVERSION = YES;
				GCC_WARN_ABOUT_RETURN_TYPE = YES_ERROR;
				GCC_WARN_UNDECLARED_SELECTOR = YES;
				GCC_WARN_UNINITIALIZED_AUTOS = YES_AGGRESSIVE;
				GCC_WARN_UNUSED_FUNCTION = YES;
				GCC_WARN_UNUSED_VARIABLE = YES;
				IPHONEOS_DEPLOYMENT_TARGET = 18.2;
				LOCALIZATION_PREFERS_STRING_CATALOGS = YES;
				MTL_ENABLE_DEBUG_INFO = NO;
				MTL_FAST_MATH = YES;
				SDKROOT = iphoneos;
				SWIFT_COMPILATION_MODE = wholemodule;
				VALIDATE_PRODUCT = YES;
			};
			name = Release;
		};
		C7D801152E1E0F4200909B29 /* Debug */ = {
			isa = XCBuildConfiguration;
			buildSettings = {
				ASSETCATALOG_COMPILER_APPICON_NAME = AppIcon;
				ASSETCATALOG_COMPILER_GLOBAL_ACCENT_COLOR_NAME = AccentColor;
				CODE_SIGN_STYLE = Automatic;
				CURRENT_PROJECT_VERSION = 1;
				DEVELOPMENT_ASSET_PATHS = "\"Hyperdrive/Preview Content\"";
				DEVELOPMENT_TEAM = B6239568R3;
				ENABLE_PREVIEWS = YES;
				GENERATE_INFOPLIST_FILE = YES;
				INFOPLIST_KEY_UIApplicationSceneManifest_Generation = YES;
				INFOPLIST_KEY_UIApplicationSupportsIndirectInputEvents = YES;
				INFOPLIST_KEY_UILaunchScreen_Generation = YES;
				INFOPLIST_KEY_UISupportedInterfaceOrientations_iPad = "UIInterfaceOrientationPortrait UIInterfaceOrientationPortraitUpsideDown UIInterfaceOrientationLandscapeLeft UIInterfaceOrientationLandscapeRight";
				INFOPLIST_KEY_UISupportedInterfaceOrientations_iPhone = "UIInterfaceOrientationPortrait UIInterfaceOrientationLandscapeLeft UIInterfaceOrientationLandscapeRight";
				IPHONEOS_DEPLOYMENT_TARGET = 18.0;
				LD_RUNPATH_SEARCH_PATHS = (
					"$(inherited)",
					"@executable_path/Frameworks",
				);
				MARKETING_VERSION = 1.0;
				PRODUCT_BUNDLE_IDENTIFIER = com.Alvin.Hyperdrive;
				PRODUCT_NAME = "$(TARGET_NAME)";
				SWIFT_EMIT_LOC_STRINGS = YES;
				SWIFT_VERSION = 5.0;
				TARGETED_DEVICE_FAMILY = "1,2";
			};
			name = Debug;
		};
		C7D801162E1E0F4200909B29 /* Release */ = {
			isa = XCBuildConfiguration;
			buildSettings = {
				ASSETCATALOG_COMPILER_APPICON_NAME = AppIcon;
				ASSETCATALOG_COMPILER_GLOBAL_ACCENT_COLOR_NAME = AccentColor;
				CODE_SIGN_STYLE = Automatic;
				CURRENT_PROJECT_VERSION = 1;
				DEVELOPMENT_ASSET_PATHS = "\"Hyperdrive/Preview Content\"";
				DEVELOPMENT_TEAM = B6239568R3;
				ENABLE_PREVIEWS = YES;
				GENERATE_INFOPLIST_FILE = YES;
				INFOPLIST_KEY_UIApplicationSceneManifest_Generation = YES;
				INFOPLIST_KEY_UIApplicationSupportsIndirectInputEvents = YES;
				INFOPLIST_KEY_UILaunchScreen_Generation = YES;
				INFOPLIST_KEY_UISupportedInterfaceOrientations_iPad = "UIInterfaceOrientationPortrait UIInterfaceOrientationPortraitUpsideDown UIInterfaceOrientationLandscapeLeft UIInterfaceOrientationLandscapeRight";
				INFOPLIST_KEY_UISupportedInterfaceOrientations_iPhone = "UIInterfaceOrientationPortrait UIInterfaceOrientationLandscapeLeft UIInterfaceOrientationLandscapeRight";
				IPHONEOS_DEPLOYMENT_TARGET = 18.0;
				LD_RUNPATH_SEARCH_PATHS = (
					"$(inherited)",
					"@executable_path/Frameworks",
				);
				MARKETING_VERSION = 1.0;
				PRODUCT_BUNDLE_IDENTIFIER = com.Alvin.Hyperdrive;
				PRODUCT_NAME = "$(TARGET_NAME)";
				SWIFT_EMIT_LOC_STRINGS = YES;
				SWIFT_VERSION = 5.0;
				TARGETED_DEVICE_FAMILY = "1,2";
			};
			name = Release;
		};
		C7D801182E1E0F4200909B29 /* Debug */ = {
			isa = XCBuildConfiguration;
			buildSettings = {
				BUNDLE_LOADER = "$(TEST_HOST)";
				CODE_SIGN_STYLE = Automatic;
				CURRENT_PROJECT_VERSION = 1;
				GENERATE_INFOPLIST_FILE = YES;
				IPHONEOS_DEPLOYMENT_TARGET = 18.2;
				MARKETING_VERSION = 1.0;
				PRODUCT_BUNDLE_IDENTIFIER = com.Alvin.HyperdriveTests;
				PRODUCT_NAME = "$(TARGET_NAME)";
				SWIFT_EMIT_LOC_STRINGS = NO;
				SWIFT_VERSION = 5.0;
				TARGETED_DEVICE_FAMILY = "1,2";
				TEST_HOST = "$(BUILT_PRODUCTS_DIR)/Hyperdrive.app/$(BUNDLE_EXECUTABLE_FOLDER_PATH)/Hyperdrive";
			};
			name = Debug;
		};
		C7D801192E1E0F4200909B29 /* Release */ = {
			isa = XCBuildConfiguration;
			buildSettings = {
				BUNDLE_LOADER = "$(TEST_HOST)";
				CODE_SIGN_STYLE = Automatic;
				CURRENT_PROJECT_VERSION = 1;
				GENERATE_INFOPLIST_FILE = YES;
				IPHONEOS_DEPLOYMENT_TARGET = 18.2;
				MARKETING_VERSION = 1.0;
				PRODUCT_BUNDLE_IDENTIFIER = com.Alvin.HyperdriveTests;
				PRODUCT_NAME = "$(TARGET_NAME)";
				SWIFT_EMIT_LOC_STRINGS = NO;
				SWIFT_VERSION = 5.0;
				TARGETED_DEVICE_FAMILY = "1,2";
				TEST_HOST = "$(BUILT_PRODUCTS_DIR)/Hyperdrive.app/$(BUNDLE_EXECUTABLE_FOLDER_PATH)/Hyperdrive";
			};
			name = Release;
		};
		C7D8011B2E1E0F4200909B29 /* Debug */ = {
			isa = XCBuildConfiguration;
			buildSettings = {
				CODE_SIGN_STYLE = Automatic;
				CURRENT_PROJECT_VERSION = 1;
				GENERATE_INFOPLIST_FILE = YES;
				MARKETING_VERSION = 1.0;
				PRODUCT_BUNDLE_IDENTIFIER = com.Alvin.HyperdriveUITests;
				PRODUCT_NAME = "$(TARGET_NAME)";
				SWIFT_EMIT_LOC_STRINGS = NO;
				SWIFT_VERSION = 5.0;
				TARGETED_DEVICE_FAMILY = "1,2";
				TEST_TARGET_NAME = Hyperdrive;
			};
			name = Debug;
		};
		C7D8011C2E1E0F4200909B29 /* Release */ = {
			isa = XCBuildConfiguration;
			buildSettings = {
				CODE_SIGN_STYLE = Automatic;
				CURRENT_PROJECT_VERSION = 1;
				GENERATE_INFOPLIST_FILE = YES;
				MARKETING_VERSION = 1.0;
				PRODUCT_BUNDLE_IDENTIFIER = com.Alvin.HyperdriveUITests;
				PRODUCT_NAME = "$(TARGET_NAME)";
				SWIFT_EMIT_LOC_STRINGS = NO;
				SWIFT_VERSION = 5.0;
				TARGETED_DEVICE_FAMILY = "1,2";
				TEST_TARGET_NAME = Hyperdrive;
			};
			name = Release;
		};
/* End XCBuildConfiguration section */

/* Begin XCConfigurationList section */
		C7D800EB2E1E0F3F00909B29 /* Build configuration list for PBXProject "Hyperdrive" */ = {
			isa = XCConfigurationList;
			buildConfigurations = (
				C7D801122E1E0F4200909B29 /* Debug */,
				C7D801132E1E0F4200909B29 /* Release */,
			);
			defaultConfigurationIsVisible = 0;
			defaultConfigurationName = Release;
		};
		C7D801142E1E0F4200909B29 /* Build configuration list for PBXNativeTarget "Hyperdrive" */ = {
			isa = XCConfigurationList;
			buildConfigurations = (
				C7D801152E1E0F4200909B29 /* Debug */,
				C7D801162E1E0F4200909B29 /* Release */,
			);
			defaultConfigurationIsVisible = 0;
			defaultConfigurationName = Release;
		};
		C7D801172E1E0F4200909B29 /* Build configuration list for PBXNativeTarget "HyperdriveTests" */ = {
			isa = XCConfigurationList;
			buildConfigurations = (
				C7D801182E1E0F4200909B29 /* Debug */,
				C7D801192E1E0F4200909B29 /* Release */,
			);
			defaultConfigurationIsVisible = 0;
			defaultConfigurationName = Release;
		};
		C7D8011A2E1E0F4200909B29 /* Build configuration list for PBXNativeTarget "HyperdriveUITests" */ = {
			isa = XCConfigurationList;
			buildConfigurations = (
				C7D8011B2E1E0F4200909B29 /* Debug */,
				C7D8011C2E1E0F4200909B29 /* Release */,
			);
			defaultConfigurationIsVisible = 0;
			defaultConfigurationName = Release;
		};
/* End XCConfigurationList section */

/* Begin XCRemoteSwiftPackageReference section */
		C7F946292E30A2D5006EBB0B /* XCRemoteSwiftPackageReference "SDWebImage" */ = {
			isa = XCRemoteSwiftPackageReference;
			repositoryURL = "https://github.com/SDWebImage/SDWebImage.git";
			requirement = {
				kind = upToNextMajorVersion;
				minimumVersion = 5.21.1;
			};
		};
		C7F9462A2E30A2F1006EBB0B /* XCRemoteSwiftPackageReference "SDWebImageSVGCoder" */ = {
			isa = XCRemoteSwiftPackageReference;
			repositoryURL = "https://github.com/SDWebImage/SDWebImageSVGCoder.git";
			requirement = {
				kind = upToNextMajorVersion;
				minimumVersion = 1.8.0;
			};
		};
		C7F9462F2E30A40E006EBB0B /* XCRemoteSwiftPackageReference "SDWebImageSwiftUI" */ = {
			isa = XCRemoteSwiftPackageReference;
			repositoryURL = "https://github.com/SDWebImage/SDWebImageSwiftUI.git";
			requirement = {
				kind = upToNextMajorVersion;
				minimumVersion = 3.1.3;
			};
		};
/* End XCRemoteSwiftPackageReference section */

/* Begin XCSwiftPackageProductDependency section */
		C7F9462B2E30A36F006EBB0B /* SDWebImage */ = {
			isa = XCSwiftPackageProductDependency;
			package = C7F946292E30A2D5006EBB0B /* XCRemoteSwiftPackageReference "SDWebImage" */;
			productName = SDWebImage;
		};
		C7F9462D2E30A375006EBB0B /* SDWebImageSVGCoder */ = {
			isa = XCSwiftPackageProductDependency;
			package = C7F9462A2E30A2F1006EBB0B /* XCRemoteSwiftPackageReference "SDWebImageSVGCoder" */;
			productName = SDWebImageSVGCoder;
		};
		C7F946302E30A426006EBB0B /* SDWebImageSwiftUI */ = {
			isa = XCSwiftPackageProductDependency;
			package = C7F9462F2E30A40E006EBB0B /* XCRemoteSwiftPackageReference "SDWebImageSwiftUI" */;
			productName = SDWebImageSwiftUI;
		};
/* End XCSwiftPackageProductDependency section */
	};
	rootObject = C7D800E82E1E0F3F00909B29 /* Project object */;
}
